
Microsoft Visual Studio Solution File, Format Version 11.00
# Visual Studio 2010
Project("{FAE04EC0-301F-11D3-BF4B-00C04F79EFBC}") = "Victoria2.0", "Assembly-CSharp.csproj", "{D527EA88-6591-CDF6-33C6-8938C1F6395B}"
EndProject
Project("{FAE04EC0-301F-11D3-BF4B-00C04F79EFBC}") = "Victoria2.0", "Assembly-CSharp-Editor.csproj", "{A8F0FD27-B667-0C86-D695-36BDD0C40D82}"
EndProject
Global
	GlobalSection(SolutionConfigurationPlatforms) = preSolution
		Debug|Any CPU = Debug|Any CPU
		Release|Any CPU = Release|Any CPU
	EndGlobalSection
	GlobalSection(ProjectConfigurationPlatforms) = postSolution
		{D527EA88-6591-CDF6-33C6-8938C1F6395B}.Debug|Any CPU.ActiveCfg = Debug|Any CPU
		{D527EA88-6591-CDF6-33C6-8938C1F6395B}.Debug|Any CPU.Build.0 = Debug|Any CPU
		{D527EA88-6591-CDF6-33C6-8938C1F6395B}.Release|Any CPU.ActiveCfg = Release|Any CPU
		{D527EA88-6591-CDF6-33C6-8938C1F6395B}.Release|Any CPU.Build.0 = Release|Any CPU
		{A8F0FD27-B667-0C86-D695-36BDD0C40D82}.Debug|Any CPU.ActiveCfg = Debug|Any CPU
		{A8F0FD27-B667-0C86-D695-36BDD0C40D82}.Debug|Any CPU.Build.0 = Debug|Any CPU
		{A8F0FD27-B667-0C86-D695-36BDD0C40D82}.Release|Any CPU.ActiveCfg = Release|Any CPU
		{A8F0FD27-B667-0C86-D695-36BDD0C40D82}.Release|Any CPU.Build.0 = Release|Any CPU
	EndGlobalSection
	GlobalSection(SolutionProperties) = preSolution
		HideSolutionNode = FALSE
	EndGlobalSection
	GlobalSection(MonoDevelopProperties) = preSolution
		StartupItem = Assembly-CSharp.csproj
	EndGlobalSection
EndGlobal
